// !$*UTF8*$!
{
	archiveVersion = 1;
	classes = {
	};
	objectVersion = 55;
	objects = {

/* Begin PBXBuildFile section */
		842365E62885767D00CF5A17 /* AppDelegate.swift in Sources */ = {isa = PBXBuildFile; fileRef = 842365E52885767D00CF5A17 /* AppDelegate.swift */; };
		842365E82885767D00CF5A17 /* SceneDelegate.swift in Sources */ = {isa = PBXBuildFile; fileRef = 842365E72885767D00CF5A17 /* SceneDelegate.swift */; };
		842365EA2885767D00CF5A17 /* ViewController.swift in Sources */ = {isa = PBXBuildFile; fileRef = 842365E92885767D00CF5A17 /* ViewController.swift */; };
		842365ED2885767D00CF5A17 /* Main.storyboard in Resources */ = {isa = PBXBuildFile; fileRef = 842365EB2885767D00CF5A17 /* Main.storyboard */; };
		842365F02885767D00CF5A17 /* movie_list_app.xcdatamodeld in Sources */ = {isa = PBXBuildFile; fileRef = 842365EE2885767D00CF5A17 /* movie_list_app.xcdatamodeld */; };
		842365F22885767F00CF5A17 /* Assets.xcassets in Resources */ = {isa = PBXBuildFile; fileRef = 842365F12885767F00CF5A17 /* Assets.xcassets */; };
		842365F52885767F00CF5A17 /* LaunchScreen.storyboard in Resources */ = {isa = PBXBuildFile; fileRef = 842365F32885767F00CF5A17 /* LaunchScreen.storyboard */; };
		842366022885797400CF5A17 /* MovieListTVC.swift in Sources */ = {isa = PBXBuildFile; fileRef = 842366002885797400CF5A17 /* MovieListTVC.swift */; };
		842366032885797400CF5A17 /* MovieListTVC.xib in Resources */ = {isa = PBXBuildFile; fileRef = 842366012885797400CF5A17 /* MovieListTVC.xib */; };
		842366052885874000CF5A17 /* MovieDetailVC.swift in Sources */ = {isa = PBXBuildFile; fileRef = 842366042885874000CF5A17 /* MovieDetailVC.swift */; };
		BAC29E267CDA801D02211842 /* Pods_movie_list_app.framework in Frameworks */ = {isa = PBXBuildFile; fileRef = 3D2A2B2C4AA40922C998207B /* Pods_movie_list_app.framework */; };
/* End PBXBuildFile section */

/* Begin PBXFileReference section */
		3D2A2B2C4AA40922C998207B /* Pods_movie_list_app.framework */ = {isa = PBXFileReference; explicitFileType = wrapper.framework; includeInIndex = 0; path = Pods_movie_list_app.framework; sourceTree = BUILT_PRODUCTS_DIR; };
		842365E22885767D00CF5A17 /* movie_list_app.app */ = {isa = PBXFileReference; explicitFileType = wrapper.application; includeInIndex = 0; path = movie_list_app.app; sourceTree = BUILT_PRODUCTS_DIR; };
		842365E52885767D00CF5A17 /* AppDelegate.swift */ = {isa = PBXFileReference; lastKnownFileType = sourcecode.swift; path = AppDelegate.swift; sourceTree = "<group>"; };
		842365E72885767D00CF5A17 /* SceneDelegate.swift */ = {isa = PBXFileReference; lastKnownFileType = sourcecode.swift; path = SceneDelegate.swift; sourceTree = "<group>"; };
		842365E92885767D00CF5A17 /* ViewController.swift */ = {isa = PBXFileReference; lastKnownFileType = sourcecode.swift; path = ViewController.swift; sourceTree = "<group>"; };
		842365EC2885767D00CF5A17 /* Base */ = {isa = PBXFileReference; lastKnownFileType = file.storyboard; name = Base; path = Base.lproj/Main.storyboard; sourceTree = "<group>"; };
		842365EF2885767D00CF5A17 /* movie_list_app.xcdatamodel */ = {isa = PBXFileReference; lastKnownFileType = wrapper.xcdatamodel; path = movie_list_app.xcdatamodel; sourceTree = "<group>"; };
		842365F12885767F00CF5A17 /* Assets.xcassets */ = {isa = PBXFileReference; lastKnownFileType = folder.assetcatalog; path = Assets.xcassets; sourceTree = "<group>"; };
		842365F42885767F00CF5A17 /* Base */ = {isa = PBXFileReference; lastKnownFileType = file.storyboard; name = Base; path = Base.lproj/LaunchScreen.storyboard; sourceTree = "<group>"; };
		842365F62885767F00CF5A17 /* Info.plist */ = {isa = PBXFileReference; lastKnownFileType = text.plist.xml; path = Info.plist; sourceTree = "<group>"; };
		842366002885797400CF5A17 /* MovieListTVC.swift */ = {isa = PBXFileReference; lastKnownFileType = sourcecode.swift; path = MovieListTVC.swift; sourceTree = "<group>"; };
		842366012885797400CF5A17 /* MovieListTVC.xib */ = {isa = PBXFileReference; lastKnownFileType = file.xib; path = MovieListTVC.xib; sourceTree = "<group>"; };
		842366042885874000CF5A17 /* MovieDetailVC.swift */ = {isa = PBXFileReference; lastKnownFileType = sourcecode.swift; path = MovieDetailVC.swift; sourceTree = "<group>"; };
		9210824D447269B647B672FF /* Pods-movie_list_app.release.xcconfig */ = {isa = PBXFileReference; includeInIndex = 1; lastKnownFileType = text.xcconfig; name = "Pods-movie_list_app.release.xcconfig"; path = "Target Support Files/Pods-movie_list_app/Pods-movie_list_app.release.xcconfig"; sourceTree = "<group>"; };
		9B11BD942791ABDBA9297A51 /* Pods-movie_list_app.debug.xcconfig */ = {isa = PBXFileReference; includeInIndex = 1; lastKnownFileType = text.xcconfig; name = "Pods-movie_list_app.debug.xcconfig"; path = "Target Support Files/Pods-movie_list_app/Pods-movie_list_app.debug.xcconfig"; sourceTree = "<group>"; };
/* End PBXFileReference section */

/* Begin PBXFrameworksBuildPhase section */
		842365DF2885767D00CF5A17 /* Frameworks */ = {
			isa = PBXFrameworksBuildPhase;
			buildActionMask = 2147483647;
			files = (
				BAC29E267CDA801D02211842 /* Pods_movie_list_app.framework in Frameworks */,
			);
			runOnlyForDeploymentPostprocessing = 0;
		};
/* End PBXFrameworksBuildPhase section */

/* Begin PBXGroup section */
		05C2BB51CC3A211A7F2E862A /* Frameworks */ = {
			isa = PBXGroup;
			children = (
				3D2A2B2C4AA40922C998207B /* Pods_movie_list_app.framework */,
			);
			name = Frameworks;
			sourceTree = "<group>";
		};
		842365D92885767D00CF5A17 = {
			isa = PBXGroup;
			children = (
				842365E42885767D00CF5A17 /* movie_list_app */,
				842365E32885767D00CF5A17 /* Products */,
				F446685EC6750A64D9D4BD75 /* Pods */,
				05C2BB51CC3A211A7F2E862A /* Frameworks */,
			);
			sourceTree = "<group>";
		};
		842365E32885767D00CF5A17 /* Products */ = {
			isa = PBXGroup;
			children = (
				842365E22885767D00CF5A17 /* movie_list_app.app */,
			);
			name = Products;
			sourceTree = "<group>";
		};
		842365E42885767D00CF5A17 /* movie_list_app */ = {
			isa = PBXGroup;
			children = (
				842365FF2885795000CF5A17 /* XIBs */,
				842365FE2885783D00CF5A17 /* Utilities */,
				842365FD2885782B00CF5A17 /* ViewControllers */,
				842365EB2885767D00CF5A17 /* Main.storyboard */,
				842365F12885767F00CF5A17 /* Assets.xcassets */,
				842365F32885767F00CF5A17 /* LaunchScreen.storyboard */,
				842365F62885767F00CF5A17 /* Info.plist */,
				842365EE2885767D00CF5A17 /* movie_list_app.xcdatamodeld */,
			);
			path = movie_list_app;
			sourceTree = "<group>";
		};
		842365FD2885782B00CF5A17 /* ViewControllers */ = {
			isa = PBXGroup;
			children = (
				842365E92885767D00CF5A17 /* ViewController.swift */,
				842366042885874000CF5A17 /* MovieDetailVC.swift */,
			);
			path = ViewControllers;
			sourceTree = "<group>";
		};
		842365FE2885783D00CF5A17 /* Utilities */ = {
			isa = PBXGroup;
			children = (
				842365E52885767D00CF5A17 /* AppDelegate.swift */,
				842365E72885767D00CF5A17 /* SceneDelegate.swift */,
			);
			path = Utilities;
			sourceTree = "<group>";
		};
		842365FF2885795000CF5A17 /* XIBs */ = {
			isa = PBXGroup;
			children = (
				842366002885797400CF5A17 /* MovieListTVC.swift */,
				842366012885797400CF5A17 /* MovieListTVC.xib */,
			);
			path = XIBs;
			sourceTree = "<group>";
		};
		F446685EC6750A64D9D4BD75 /* Pods */ = {
			isa = PBXGroup;
			children = (
				9B11BD942791ABDBA9297A51 /* Pods-movie_list_app.debug.xcconfig */,
				9210824D447269B647B672FF /* Pods-movie_list_app.release.xcconfig */,
			);
			path = Pods;
			sourceTree = "<group>";
		};
/* End PBXGroup section */

/* Begin PBXNativeTarget section */
		842365E12885767D00CF5A17 /* movie_list_app */ = {
			isa = PBXNativeTarget;
			buildConfigurationList = 842365F92885768000CF5A17 /* Build configuration list for PBXNativeTarget "movie_list_app" */;
			buildPhases = (
				C44311CCF757C49D6ADB088E /* [CP] Check Pods Manifest.lock */,
				842365DE2885767D00CF5A17 /* Sources */,
				842365DF2885767D00CF5A17 /* Frameworks */,
				842365E02885767D00CF5A17 /* Resources */,
				4B868B84B569AFDAC3036B12 /* [CP] Embed Pods Frameworks */,
			);
			buildRules = (
			);
			dependencies = (
			);
			name = movie_list_app;
			productName = movie_list_app;
			productReference = 842365E22885767D00CF5A17 /* movie_list_app.app */;
			productType = "com.apple.product-type.application";
		};
/* End PBXNativeTarget section */

/* Begin PBXProject section */
		842365DA2885767D00CF5A17 /* Project object */ = {
			isa = PBXProject;
			attributes = {
				BuildIndependentTargetsInParallel = 1;
				LastSwiftUpdateCheck = 1340;
				LastUpgradeCheck = 1340;
				TargetAttributes = {
					842365E12885767D00CF5A17 = {
						CreatedOnToolsVersion = 13.4.1;
					};
				};
			};
			buildConfigurationList = 842365DD2885767D00CF5A17 /* Build configuration list for PBXProject "movie_list_app" */;
			compatibilityVersion = "Xcode 13.0";
			developmentRegion = en;
			hasScannedForEncodings = 0;
			knownRegions = (
				en,
				Base,
			);
			mainGroup = 842365D92885767D00CF5A17;
			productRefGroup = 842365E32885767D00CF5A17 /* Products */;
			projectDirPath = "";
			projectRoot = "";
			targets = (
				842365E12885767D00CF5A17 /* movie_list_app */,
			);
		};
/* End PBXProject section */

/* Begin PBXResourcesBuildPhase section */
		842365E02885767D00CF5A17 /* Resources */ = {
			isa = PBXResourcesBuildPhase;
			buildActionMask = 2147483647;
			files = (
				842365F52885767F00CF5A17 /* LaunchScreen.storyboard in Resources */,
				842365F22885767F00CF5A17 /* Assets.xcassets in Resources */,
				842366032885797400CF5A17 /* MovieListTVC.xib in Resources */,
				842365ED2885767D00CF5A17 /* Main.storyboard in Resources */,
			);
			runOnlyForDeploymentPostprocessing = 0;
		};
/* End PBXResourcesBuildPhase section */

/* Begin PBXShellScriptBuildPhase section */
		4B868B84B569AFDAC3036B12 /* [CP] Embed Pods Frameworks */ = {
			isa = PBXShellScriptBuildPhase;
			buildActionMask = 2147483647;
			files = (
			);
			inputFileListPaths = (
				"${PODS_ROOT}/Target Support Files/Pods-movie_list_app/Pods-movie_list_app-frameworks-${CONFIGURATION}-input-files.xcfilelist",
			);
			name = "[CP] Embed Pods Frameworks";
			outputFileListPaths = (
				"${PODS_ROOT}/Target Support Files/Pods-movie_list_app/Pods-movie_list_app-frameworks-${CONFIGURATION}-output-files.xcfilelist",
			);
			runOnlyForDeploymentPostprocessing = 0;
			shellPath = /bin/sh;
			shellScript = "\"${PODS_ROOT}/Target Support Files/Pods-movie_list_app/Pods-movie_list_app-frameworks.sh\"\n";
			showEnvVarsInLog = 0;
		};
		C44311CCF757C49D6ADB088E /* [CP] Check Pods Manifest.lock */ = {
			isa = PBXShellScriptBuildPhase;
			buildActionMask = 2147483647;
			files = (
			);
			inputFileListPaths = (
			);
			inputPaths = (
				"${PODS_PODFILE_DIR_PATH}/Podfile.lock",
				"${PODS_ROOT}/Manifest.lock",
			);
			name = "[CP] Check Pods Manifest.lock";
			outputFileListPaths = (
			);
			outputPaths = (
				"$(DERIVED_FILE_DIR)/Pods-movie_list_app-checkManifestLockResult.txt",
			);
			runOnlyForDeploymentPostprocessing = 0;
			shellPath = /bin/sh;
			shellScript = "diff \"${PODS_PODFILE_DIR_PATH}/Podfile.lock\" \"${PODS_ROOT}/Manifest.lock\" > /dev/null\nif [ $? != 0 ] ; then\n    # print error to STDERR\n    echo \"error: The sandbox is not in sync with the Podfile.lock. Run 'pod install' or update your CocoaPods installation.\" >&2\n    exit 1\nfi\n# This output is used by Xcode 'outputs' to avoid re-running this script phase.\necho \"SUCCESS\" > \"${SCRIPT_OUTPUT_FILE_0}\"\n";
			showEnvVarsInLog = 0;
		};
/* End PBXShellScriptBuildPhase section */

/* Begin PBXSourcesBuildPhase section */
		842365DE2885767D00CF5A17 /* Sources */ = {
			isa = PBXSourcesBuildPhase;
			buildActionMask = 2147483647;
			files = (
				842366022885797400CF5A17 /* MovieListTVC.swift in Sources */,
				842365EA2885767D00CF5A17 /* ViewController.swift in Sources */,
				842365E62885767D00CF5A17 /* AppDelegate.swift in Sources */,
				842365F02885767D00CF5A17 /* movie_list_app.xcdatamodeld in Sources */,
				842366052885874000CF5A17 /* MovieDetailVC.swift in Sources */,
				842365E82885767D00CF5A17 /* SceneDelegate.swift in Sources */,
			);
			runOnlyForDeploymentPostprocessing = 0;
		};
/* End PBXSourcesBuildPhase section */

/* Begin PBXVariantGroup section */
		842365EB2885767D00CF5A17 /* Main.storyboard */ = {
			isa = PBXVariantGroup;
			children = (
				842365EC2885767D00CF5A17 /* Base */,
			);
			name = Main.storyboard;
			sourceTree = "<group>";
		};
		842365F32885767F00CF5A17 /* LaunchScreen.storyboard */ = {
			isa = PBXVariantGroup;
			children = (
				842365F42885767F00CF5A17 /* Base */,
			);
			name = LaunchScreen.storyboard;
			sourceTree = "<group>";
		};
/* End PBXVariantGroup section */

/* Begin XCBuildConfiguration section */
		842365F72885768000CF5A17 /* Debug */ = {
			isa = XCBuildConfiguration;
			buildSettings = {
				ALWAYS_SEARCH_USER_PATHS = NO;
				CLANG_ANALYZER_NONNULL = YES;
				CLANG_ANALYZER_NUMBER_OBJECT_CONVERSION = YES_AGGRESSIVE;
				CLANG_CXX_LANGUAGE_STANDARD = "gnu++17";
				CLANG_ENABLE_MODULES = YES;
				CLANG_ENABLE_OBJC_ARC = YES;
				CLANG_ENABLE_OBJC_WEAK = YES;
				CLANG_WARN_BLOCK_CAPTURE_AUTORELEASING = YES;
				CLANG_WARN_BOOL_CONVERSION = YES;
				CLANG_WARN_COMMA = YES;
				CLANG_WARN_CONSTANT_CONVERSION = YES;
				CLANG_WARN_DEPRECATED_OBJC_IMPLEMENTATIONS = YES;
				CLANG_WARN_DIRECT_OBJC_ISA_USAGE = YES_ERROR;
				CLANG_WARN_DOCUMENTATION_COMMENTS = YES;
				CLANG_WARN_EMPTY_BODY = YES;
				CLANG_WARN_ENUM_CONVERSION = YES;
				CLANG_WARN_INFINITE_RECURSION = YES;
				CLANG_WARN_INT_CONVERSION = YES;
				CLANG_WARN_NON_LITERAL_NULL_CONVERSION = YES;
				CLANG_WARN_OBJC_IMPLICIT_RETAIN_SELF = YES;
				CLANG_WARN_OBJC_LITERAL_CONVERSION = YES;
				CLANG_WARN_OBJC_ROOT_CLASS = YES_ERROR;
				CLANG_WARN_QUOTED_INCLUDE_IN_FRAMEWORK_HEADER = YES;
				CLANG_WARN_RANGE_LOOP_ANALYSIS = YES;
				CLANG_WARN_STRICT_PROTOTYPES = YES;
				CLANG_WARN_SUSPICIOUS_MOVE = YES;
				CLANG_WARN_UNGUARDED_AVAILABILITY = YES_AGGRESSIVE;
				CLANG_WARN_UNREACHABLE_CODE = YES;
				CLANG_WARN__DUPLICATE_METHOD_MATCH = YES;
				COPY_PHASE_STRIP = NO;
				DEBUG_INFORMATION_FORMAT = dwarf;
				ENABLE_STRICT_OBJC_MSGSEND = YES;
				ENABLE_TESTABILITY = YES;
				GCC_C_LANGUAGE_STANDARD = gnu11;
				GCC_DYNAMIC_NO_PIC = NO;
				GCC_NO_COMMON_BLOCKS = YES;
				GCC_OPTIMIZATION_LEVEL = 0;
				GCC_PREPROCESSOR_DEFINITIONS = (
					"DEBUG=1",
					"$(inherited)",
				);
				GCC_WARN_64_TO_32_BIT_CONVERSION = YES;
				GCC_WARN_ABOUT_RETURN_TYPE = YES_ERROR;
				GCC_WARN_UNDECLARED_SELECTOR = YES;
				GCC_WARN_UNINITIALIZED_AUTOS = YES_AGGRESSIVE;
				GCC_WARN_UNUSED_FUNCTION = YES;
				GCC_WARN_UNUSED_VARIABLE = YES;
				IPHONEOS_DEPLOYMENT_TARGET = 15.5;
				MTL_ENABLE_DEBUG_INFO = INCLUDE_SOURCE;
				MTL_FAST_MATH = YES;
				ONLY_ACTIVE_ARCH = YES;
				SDKROOT = iphoneos;
				SWIFT_ACTIVE_COMPILATION_CONDITIONS = DEBUG;
				SWIFT_OPTIMIZATION_LEVEL = "-Onone";
			};
			name = Debug;
		};
		842365F82885768000CF5A17 /* Release */ = {
			isa = XCBuildConfiguration;
			buildSettings = {
				ALWAYS_SEARCH_USER_PATHS = NO;
				CLANG_ANALYZER_NONNULL = YES;
				CLANG_ANALYZER_NUMBER_OBJECT_CONVERSION = YES_AGGRESSIVE;
				CLANG_CXX_LANGUAGE_STANDARD = "gnu++17";
				CLANG_ENABLE_MODULES = YES;
				CLANG_ENABLE_OBJC_ARC = YES;
				CLANG_ENABLE_OBJC_WEAK = YES;
				CLANG_WARN_BLOCK_CAPTURE_AUTORELEASING = YES;
				CLANG_WARN_BOOL_CONVERSION = YES;
				CLANG_WARN_COMMA = YES;
				CLANG_WARN_CONSTANT_CONVERSION = YES;
				CLANG_WARN_DEPRECATED_OBJC_IMPLEMENTATIONS = YES;
				CLANG_WARN_DIRECT_OBJC_ISA_USAGE = YES_ERROR;
				CLANG_WARN_DOCUMENTATION_COMMENTS = YES;
				CLANG_WARN_EMPTY_BODY = YES;
				CLANG_WARN_ENUM_CONVERSION = YES;
				CLANG_WARN_INFINITE_RECURSION = YES;
				CLANG_WARN_INT_CONVERSION = YES;
				CLANG_WARN_NON_LITERAL_NULL_CONVERSION = YES;
				CLANG_WARN_OBJC_IMPLICIT_RETAIN_SELF = YES;
				CLANG_WARN_OBJC_LITERAL_CONVERSION = YES;
				CLANG_WARN_OBJC_ROOT_CLASS = YES_ERROR;
				CLANG_WARN_QUOTED_INCLUDE_IN_FRAMEWORK_HEADER = YES;
				CLANG_WARN_RANGE_LOOP_ANALYSIS = YES;
				CLANG_WARN_STRICT_PROTOTYPES = YES;
				CLANG_WARN_SUSPICIOUS_MOVE = YES;
				CLANG_WARN_UNGUARDED_AVAILABILITY = YES_AGGRESSIVE;
				CLANG_WARN_UNREACHABLE_CODE = YES;
				CLANG_WARN__DUPLICATE_METHOD_MATCH = YES;
				COPY_PHASE_STRIP = NO;
				DEBUG_INFORMATION_FORMAT = "dwarf-with-dsym";
				ENABLE_NS_ASSERTIONS = NO;
				ENABLE_STRICT_OBJC_MSGSEND = YES;
				GCC_C_LANGUAGE_STANDARD = gnu11;
				GCC_NO_COMMON_BLOCKS = YES;
				GCC_WARN_64_TO_32_BIT_CONVERSION = YES;
				GCC_WARN_ABOUT_RETURN_TYPE = YES_ERROR;
				GCC_WARN_UNDECLARED_SELECTOR = YES;
				GCC_WARN_UNINITIALIZED_AUTOS = YES_AGGRESSIVE;
				GCC_WARN_UNUSED_FUNCTION = YES;
				GCC_WARN_UNUSED_VARIABLE = YES;
				IPHONEOS_DEPLOYMENT_TARGET = 15.5;
				MTL_ENABLE_DEBUG_INFO = NO;
				MTL_FAST_MATH = YES;
				SDKROOT = iphoneos;
				SWIFT_COMPILATION_MODE = wholemodule;
				SWIFT_OPTIMIZATION_LEVEL = "-O";
				VALIDATE_PRODUCT = YES;
			};
			name = Release;
		};
		842365FA2885768000CF5A17 /* Debug */ = {
			isa = XCBuildConfiguration;
			baseConfigurationReference = 9B11BD942791ABDBA9297A51 /* Pods-movie_list_app.debug.xcconfig */;
			buildSettings = {
				ASSETCATALOG_COMPILER_APPICON_NAME = AppIcon;
				ASSETCATALOG_COMPILER_GLOBAL_ACCENT_COLOR_NAME = AccentColor;
				CODE_SIGN_STYLE = Automatic;
				CURRENT_PROJECT_VERSION = 1;
				DEVELOPMENT_TEAM = F7C7H2Y2SU;
				GENERATE_INFOPLIST_FILE = YES;
				INFOPLIST_FILE = movie_list_app/Info.plist;
				INFOPLIST_KEY_UIApplicationSupportsIndirectInputEvents = YES;
				INFOPLIST_KEY_UILaunchStoryboardName = LaunchScreen;
				INFOPLIST_KEY_UIMainStoryboardFile = Main;
				INFOPLIST_KEY_UISupportedInterfaceOrientations_iPad = "UIInterfaceOrientationPortrait UIInterfaceOrientationPortraitUpsideDown UIInterfaceOrientationLandscapeLeft UIInterfaceOrientationLandscapeRight";
				INFOPLIST_KEY_UISupportedInterfaceOrientations_iPhone = "UIInterfaceOrientationPortrait UIInterfaceOrientationLandscapeLeft UIInterfaceOrientationLandscapeRight";
				LD_RUNPATH_SEARCH_PATHS = (
					"$(inherited)",
					"@executable_path/Frameworks",
				);
				MARKETING_VERSION = 1.0;
				PRODUCT_BUNDLE_IDENTIFIER = "com.kiran.movie-list-app";
				PRODUCT_NAME = "$(TARGET_NAME)";
				SWIFT_EMIT_LOC_STRINGS = YES;
				SWIFT_VERSION = 5.0;
				TARGETED_DEVICE_FAMILY = "1,2";
			};
			name = Debug;
		};
		842365FB2885768000CF5A17 /* Release */ = {
			isa = XCBuildConfiguration;
			baseConfigurationReference = 9210824D447269B647B672FF /* Pods-movie_list_app.release.xcconfig */;
			buildSettings = {
				ASSETCATALOG_COMPILER_APPICON_NAME = AppIcon;
				ASSETCATALOG_COMPILER_GLOBAL_ACCENT_COLOR_NAME = AccentColor;
				CODE_SIGN_STYLE = Automatic;
				CURRENT_PROJECT_VERSION = 1;
				DEVELOPMENT_TEAM = F7C7H2Y2SU;
				GENERATE_INFOPLIST_FILE = YES;
				INFOPLIST_FILE = movie_list_app/Info.plist;
				INFOPLIST_KEY_UIApplicationSupportsIndirectInputEvents = YES;
				INFOPLIST_KEY_UILaunchStoryboardName = LaunchScreen;
				INFOPLIST_KEY_UIMainStoryboardFile = Main;
				INFOPLIST_KEY_UISupportedInterfaceOrientations_iPad = "UIInterfaceOrientationPortrait UIInterfaceOrientationPortraitUpsideDown UIInterfaceOrientationLandscapeLeft UIInterfaceOrientationLandscapeRight";
				INFOPLIST_KEY_UISupportedInterfaceOrientations_iPhone = "UIInterfaceOrientationPortrait UIInterfaceOrientationLandscapeLeft UIInterfaceOrientationLandscapeRight";
				LD_RUNPATH_SEARCH_PATHS = (
					"$(inherited)",
					"@executable_path/Frameworks",
				);
				MARKETING_VERSION = 1.0;
				PRODUCT_BUNDLE_IDENTIFIER = "com.kiran.movie-list-app";
				PRODUCT_NAME = "$(TARGET_NAME)";
				SWIFT_EMIT_LOC_STRINGS = YES;
				SWIFT_VERSION = 5.0;
				TARGETED_DEVICE_FAMILY = "1,2";
			};
			name = Release;
		};
/* End XCBuildConfiguration section */

/* Begin XCConfigurationList section */
		842365DD2885767D00CF5A17 /* Build configuration list for PBXProject "movie_list_app" */ = {
			isa = XCConfigurationList;
			buildConfigurations = (
				842365F72885768000CF5A17 /* Debug */,
				842365F82885768000CF5A17 /* Release */,
			);
			defaultConfigurationIsVisible = 0;
			defaultConfigurationName = Release;
		};
		842365F92885768000CF5A17 /* Build configuration list for PBXNativeTarget "movie_list_app" */ = {
			isa = XCConfigurationList;
			buildConfigurations = (
				842365FA2885768000CF5A17 /* Debug */,
				842365FB2885768000CF5A17 /* Release */,
			);
			defaultConfigurationIsVisible = 0;
			defaultConfigurationName = Release;
		};
/* End XCConfigurationList section */

/* Begin XCVersionGroup section */
		842365EE2885767D00CF5A17 /* movie_list_app.xcdatamodeld */ = {
			isa = XCVersionGroup;
			children = (
				842365EF2885767D00CF5A17 /* movie_list_app.xcdatamodel */,
			);
			currentVersion = 842365EF2885767D00CF5A17 /* movie_list_app.xcdatamodel */;
			path = movie_list_app.xcdatamodeld;
			sourceTree = "<group>";
			versionGroupType = wrapper.xcdatamodel;
		};
/* End XCVersionGroup section */
	};
	rootObject = 842365DA2885767D00CF5A17 /* Project object */;
}
